
Microsoft Visual Studio Solution File, Format Version 12.00
# Visual Studio Version 16
VisualStudioVersion = 16.0.29613.14
MinimumVisualStudioVersion = 10.0.40219.1
Project("{FAE04EC0-301F-11D3-BF4B-00C04F79EFBC}") = "DCI Calculator", "DCI Calculator\DCI Calculator.csproj", "{DFFD048B-7D4F-4841-973D-46102D3A0C2A}"
EndProject
Project("{2150E333-8FDC-42A3-9474-1A3956D46DE8}") = "Solution Items", "Solution Items", "{F22AEF69-3451-4175-9347-980B1892CDD9}"
EndProject
Global
	GlobalSection(SolutionConfigurationPlatforms) = preSolution
		Debug|Any CPU = Debug|Any CPU
		Release|Any CPU = Release|Any CPU
	EndGlobalSection
	GlobalSection(ProjectConfigurationPlatforms) = postSolution
		{DFFD048B-7D4F-4841-973D-46102D3A0C2A}.Debug|Any CPU.ActiveCfg = Debug|Any CPU
		{DFFD048B-7D4F-4841-973D-46102D3A0C2A}.Debug|Any CPU.Build.0 = Debug|Any CPU
		{DFFD048B-7D4F-4841-973D-46102D3A0C2A}.Release|Any CPU.ActiveCfg = Release|Any CPU
		{DFFD048B-7D4F-4841-973D-46102D3A0C2A}.Release|Any CPU.Build.0 = Release|Any CPU
	EndGlobalSection
	GlobalSection(SolutionProperties) = preSolution
		HideSolutionNode = FALSE
	EndGlobalSection
	GlobalSection(ExtensibilityGlobals) = postSolution
		SolutionGuid = {0AFA9426-B446-422E-8416-785941D4D82A}
	EndGlobalSection
EndGlobal
