
Microsoft Visual Studio Solution File, Format Version 12.00
# Visual Studio Version 16
VisualStudioVersion = 16.0.29613.14
MinimumVisualStudioVersion = 10.0.40219.1
Project("{FAE04EC0-301F-11D3-BF4B-00C04F79EFBC}") = "DCI Calculator", "DCI Calculator\DCI Calculator.csproj", "{A1F63BAC-B0AD-41E7-A2A5-943941910D0B}"
EndProject
Global
	GlobalSection(SolutionConfigurationPlatforms) = preSolution
		Debug|Any CPU = Debug|Any CPU
		Release|Any CPU = Release|Any CPU
	EndGlobalSection
	GlobalSection(ProjectConfigurationPlatforms) = postSolution
		{A1F63BAC-B0AD-41E7-A2A5-943941910D0B}.Debug|Any CPU.ActiveCfg = Debug|Any CPU
		{A1F63BAC-B0AD-41E7-A2A5-943941910D0B}.Debug|Any CPU.Build.0 = Debug|Any CPU
		{A1F63BAC-B0AD-41E7-A2A5-943941910D0B}.Release|Any CPU.ActiveCfg = Release|Any CPU
		{A1F63BAC-B0AD-41E7-A2A5-943941910D0B}.Release|Any CPU.Build.0 = Release|Any CPU
	EndGlobalSection
	GlobalSection(SolutionProperties) = preSolution
		HideSolutionNode = FALSE
	EndGlobalSection
	GlobalSection(ExtensibilityGlobals) = postSolution
		SolutionGuid = {0AFA9426-B446-422E-8416-785941D4D82A}
	EndGlobalSection
EndGlobal
